// !$*UTF8*$!
{
	archiveVersion = 1;
	classes = {
	};
	objectVersion = 51;
	objects = {

/* Begin PBXBuildFile section */
		14BF3B2AC8631BB71C1C3766 /* SwiftData.framework in Frameworks */ = {isa = PBXBuildFile; fileRef = 47DA5403E6D54EF7632E374E /* SwiftData.framework */; };
		5247D413E24EB0DA39097E42 /* HealthInterfaces.swift in Sources */ = {isa = PBXBuildFile; fileRef = 2E280677BC54E38C797E3B69 /* HealthInterfaces.swift */; };
		5FD8552E1A06FE99CB25E5BB /* ContentView.swift in Sources */ = {isa = PBXBuildFile; fileRef = EE318ED028D161F1AC009520 /* ContentView.swift */; };
		692A07929C8ED06F56C9CBDC /* Beginner_Runner_AI_CoachUITests.swift in Sources */ = {isa = PBXBuildFile; fileRef = 148B914F14527BDC051CC07A /* Beginner_Runner_AI_CoachUITests.swift */; };
		87C3AB80750EB1547C1936B0 /* Beginner_Runner_AI_CoachApp.swift in Sources */ = {isa = PBXBuildFile; fileRef = 53B17377C02D37B4684522DD /* Beginner_Runner_AI_CoachApp.swift */; };
		91F5097F4E8B2EC3CFEC6E99 /* Beginner_Runner_AI_CoachTests.swift in Sources */ = {isa = PBXBuildFile; fileRef = 8EF7A38502A905CE40573D8D /* Beginner_Runner_AI_CoachTests.swift */; };
		9488A305A25FF71F93C28D0C /* Assets.xcassets in Resources */ = {isa = PBXBuildFile; fileRef = 75F4028FE199FCAA1E9BBF88 /* Assets.xcassets */; };
		AFD84D197326278DA9D10A4D /* Beginner_Runner_AI_CoachUITestsLaunchTests.swift in Sources */ = {isa = PBXBuildFile; fileRef = 1931D95DF6105C96EB89DEF5 /* Beginner_Runner_AI_CoachUITestsLaunchTests.swift */; };
		C607B52F8E1586670A2C6221 /* StepsDatasource.swift in Sources */ = {isa = PBXBuildFile; fileRef = DE4F715DDB958DA3E465DFF2 /* StepsDatasource.swift */; };
		F6A1E316969B87B2CC25443E /* HealthKit.framework in Frameworks */ = {isa = PBXBuildFile; fileRef = A36485D5716B7CA1CDD5A14C /* HealthKit.framework */; };
		FD5069CB9F22CB8FBF44885F /* Item.swift in Sources */ = {isa = PBXBuildFile; fileRef = 4C3075A4DC1CDCA6A2A6FB45 /* Item.swift */; };
/* End PBXBuildFile section */

/* Begin PBXContainerItemProxy section */
		1A10649BC8AA01758001740C /* PBXContainerItemProxy */ = {
			isa = PBXContainerItemProxy;
			containerPortal = FC108EA7D8447464703C16E4 /* Project object */;
			proxyType = 1;
			remoteGlobalIDString = E56AC1476954DD3FE78FD0A9;
			remoteInfo = "Beginner-Runner-AI-Coach";
		};
		4D116668DBF6A1717EDB876A /* PBXContainerItemProxy */ = {
			isa = PBXContainerItemProxy;
			containerPortal = FC108EA7D8447464703C16E4 /* Project object */;
			proxyType = 1;
			remoteGlobalIDString = E56AC1476954DD3FE78FD0A9;
			remoteInfo = "Beginner-Runner-AI-Coach";
		};
/* End PBXContainerItemProxy section */

/* Begin PBXFileReference section */
		148B914F14527BDC051CC07A /* Beginner_Runner_AI_CoachUITests.swift */ = {isa = PBXFileReference; lastKnownFileType = sourcecode.swift; path = Beginner_Runner_AI_CoachUITests.swift; sourceTree = "<group>"; };
		1931D95DF6105C96EB89DEF5 /* Beginner_Runner_AI_CoachUITestsLaunchTests.swift */ = {isa = PBXFileReference; lastKnownFileType = sourcecode.swift; path = Beginner_Runner_AI_CoachUITestsLaunchTests.swift; sourceTree = "<group>"; };
		2E280677BC54E38C797E3B69 /* HealthInterfaces.swift */ = {isa = PBXFileReference; lastKnownFileType = sourcecode.swift; path = HealthInterfaces.swift; sourceTree = "<group>"; };
		46B0DA8D97272D9CFE90B857 /* Beginner-Runner-AI-CoachUITests.xctest */ = {isa = PBXFileReference; includeInIndex = 0; lastKnownFileType = wrapper.cfbundle; path = "Beginner-Runner-AI-CoachUITests.xctest"; sourceTree = BUILT_PRODUCTS_DIR; };
		47DA5403E6D54EF7632E374E /* SwiftData.framework */ = {isa = PBXFileReference; lastKnownFileType = wrapper.framework; name = SwiftData.framework; path = System/Library/Frameworks/SwiftData.framework; sourceTree = SDKROOT; };
		4C3075A4DC1CDCA6A2A6FB45 /* Item.swift */ = {isa = PBXFileReference; lastKnownFileType = sourcecode.swift; path = Item.swift; sourceTree = "<group>"; };
		53B17377C02D37B4684522DD /* Beginner_Runner_AI_CoachApp.swift */ = {isa = PBXFileReference; lastKnownFileType = sourcecode.swift; path = Beginner_Runner_AI_CoachApp.swift; sourceTree = "<group>"; };
		75F4028FE199FCAA1E9BBF88 /* Assets.xcassets */ = {isa = PBXFileReference; lastKnownFileType = folder.assetcatalog; path = Assets.xcassets; sourceTree = "<group>"; };
		78852FD9A09A67968D79DA45 /* Beginner-Runner-AI-CoachTests.xctest */ = {isa = PBXFileReference; includeInIndex = 0; lastKnownFileType = wrapper.cfbundle; path = "Beginner-Runner-AI-CoachTests.xctest"; sourceTree = BUILT_PRODUCTS_DIR; };
		80EB652329A931E71A4A2C94 /* Info.plist */ = {isa = PBXFileReference; lastKnownFileType = text.plist; path = Info.plist; sourceTree = "<group>"; };
		8EB4117667111DD853C43AC4 /* Beginner-Runner-AI-Coach.app */ = {isa = PBXFileReference; includeInIndex = 0; lastKnownFileType = wrapper.application; path = "Beginner-Runner-AI-Coach.app"; sourceTree = BUILT_PRODUCTS_DIR; };
		8EF7A38502A905CE40573D8D /* Beginner_Runner_AI_CoachTests.swift */ = {isa = PBXFileReference; lastKnownFileType = sourcecode.swift; path = Beginner_Runner_AI_CoachTests.swift; sourceTree = "<group>"; };
		A36485D5716B7CA1CDD5A14C /* HealthKit.framework */ = {isa = PBXFileReference; lastKnownFileType = wrapper.framework; name = HealthKit.framework; path = System/Library/Frameworks/HealthKit.framework; sourceTree = SDKROOT; };
		C4E299B1C8E50B450A01F55E /* Beginner-Runner-AI-Coach.entitlements */ = {isa = PBXFileReference; lastKnownFileType = text.plist.entitlements; path = "Beginner-Runner-AI-Coach.entitlements"; sourceTree = "<group>"; };
		DE4F715DDB958DA3E465DFF2 /* StepsDatasource.swift */ = {isa = PBXFileReference; lastKnownFileType = sourcecode.swift; path = StepsDatasource.swift; sourceTree = "<group>"; };
		EE318ED028D161F1AC009520 /* ContentView.swift */ = {isa = PBXFileReference; lastKnownFileType = sourcecode.swift; path = ContentView.swift; sourceTree = "<group>"; };
/* End PBXFileReference section */

/* Begin PBXFrameworksBuildPhase section */
		32E3E413B60184EC1D513585 /* Frameworks */ = {
			isa = PBXFrameworksBuildPhase;
			buildActionMask = 2147483647;
			files = (
				F6A1E316969B87B2CC25443E /* HealthKit.framework in Frameworks */,
				14BF3B2AC8631BB71C1C3766 /* SwiftData.framework in Frameworks */,
			);
			runOnlyForDeploymentPostprocessing = 0;
		};
/* End PBXFrameworksBuildPhase section */

/* Begin PBXGroup section */
		03AF85DA584380951B5523E5 /* Entities */ = {
			isa = PBXGroup;
			children = (
				4C3075A4DC1CDCA6A2A6FB45 /* Item.swift */,
			);
			path = Entities;
			sourceTree = "<group>";
		};
		15F891F40738D34154468ED2 /* App */ = {
			isa = PBXGroup;
			children = (
				75F4028FE199FCAA1E9BBF88 /* Assets.xcassets */,
				53B17377C02D37B4684522DD /* Beginner_Runner_AI_CoachApp.swift */,
				C4E299B1C8E50B450A01F55E /* Beginner-Runner-AI-Coach.entitlements */,
				80EB652329A931E71A4A2C94 /* Info.plist */,
			);
			path = App;
			sourceTree = "<group>";
		};
		180DCB9935E170EBD85B9575 /* Data */ = {
			isa = PBXGroup;
			children = (
				3E567FB1CEA467C05B56293D /* Infrastructure */,
			);
			path = Data;
			sourceTree = "<group>";
		};
		21AACB6F3490AF9FDEC717BB /* Interfaces */ = {
			isa = PBXGroup;
			children = (
				2E280677BC54E38C797E3B69 /* HealthInterfaces.swift */,
			);
			path = Interfaces;
			sourceTree = "<group>";
		};
		348419DB0C69439ADDF47412 /* Beginner-Runner-AI-CoachUITests */ = {
			isa = PBXGroup;
			children = (
				148B914F14527BDC051CC07A /* Beginner_Runner_AI_CoachUITests.swift */,
				1931D95DF6105C96EB89DEF5 /* Beginner_Runner_AI_CoachUITestsLaunchTests.swift */,
			);
			path = "Beginner-Runner-AI-CoachUITests";
			sourceTree = "<group>";
		};
		3E567FB1CEA467C05B56293D /* Infrastructure */ = {
			isa = PBXGroup;
			children = (
				88F1716B546883A25D9B0A4B /* HealthKit */,
			);
			path = Infrastructure;
			sourceTree = "<group>";
		};
		646DA123DF2B693F2C1D5203 /* Frameworks */ = {
			isa = PBXGroup;
			children = (
				A36485D5716B7CA1CDD5A14C /* HealthKit.framework */,
				47DA5403E6D54EF7632E374E /* SwiftData.framework */,
			);
			name = Frameworks;
			sourceTree = "<group>";
		};
		69775D806EC802F73858AE90 /* Features */ = {
			isa = PBXGroup;
			children = (
				FB8299E65D0C1E4E3F4DBA04 /* Main */,
			);
			path = Features;
			sourceTree = "<group>";
		};
		6A6234D9020E6E0B16B8BB5A = {
			isa = PBXGroup;
			children = (
				80EDB8AFAB741E7E38265283 /* Beginner-Runner-AI-Coach */,
				73902F2697678B3D775EA120 /* Beginner-Runner-AI-CoachTests */,
				348419DB0C69439ADDF47412 /* Beginner-Runner-AI-CoachUITests */,
				646DA123DF2B693F2C1D5203 /* Frameworks */,
				9FAB7126605FDC0ED5B200EA /* Products */,
			);
			sourceTree = "<group>";
		};
		73902F2697678B3D775EA120 /* Beginner-Runner-AI-CoachTests */ = {
			isa = PBXGroup;
			children = (
				8EF7A38502A905CE40573D8D /* Beginner_Runner_AI_CoachTests.swift */,
			);
			path = "Beginner-Runner-AI-CoachTests";
			sourceTree = "<group>";
		};
		80EDB8AFAB741E7E38265283 /* Beginner-Runner-AI-Coach */ = {
			isa = PBXGroup;
			children = (
				15F891F40738D34154468ED2 /* App */,
				180DCB9935E170EBD85B9575 /* Data */,
				FD364C6CDAF2F665B38FBF61 /* Domain */,
				69775D806EC802F73858AE90 /* Features */,
			);
			path = "Beginner-Runner-AI-Coach";
			sourceTree = "<group>";
		};
		88F1716B546883A25D9B0A4B /* HealthKit */ = {
			isa = PBXGroup;
			children = (
				DE4F715DDB958DA3E465DFF2 /* StepsDatasource.swift */,
			);
			path = HealthKit;
			sourceTree = "<group>";
		};
		9FAB7126605FDC0ED5B200EA /* Products */ = {
			isa = PBXGroup;
			children = (
				8EB4117667111DD853C43AC4 /* Beginner-Runner-AI-Coach.app */,
				78852FD9A09A67968D79DA45 /* Beginner-Runner-AI-CoachTests.xctest */,
				46B0DA8D97272D9CFE90B857 /* Beginner-Runner-AI-CoachUITests.xctest */,
			);
			name = Products;
			sourceTree = "<group>";
		};
		FB8299E65D0C1E4E3F4DBA04 /* Main */ = {
			isa = PBXGroup;
			children = (
				EE318ED028D161F1AC009520 /* ContentView.swift */,
			);
			path = Main;
			sourceTree = "<group>";
		};
		FD364C6CDAF2F665B38FBF61 /* Domain */ = {
			isa = PBXGroup;
			children = (
				03AF85DA584380951B5523E5 /* Entities */,
				21AACB6F3490AF9FDEC717BB /* Interfaces */,
			);
			path = Domain;
			sourceTree = "<group>";
		};
		"TEMP_98F78A1D-DB29-4B41-AA22-17BC5438B5A7" /* Core */ = {
			isa = PBXGroup;
			children = (
			);
			path = Core;
			sourceTree = "<group>";
		};
		"TEMP_EF571BB5-BB6B-4793-B3DC-569EC3BB2216" /* DesignSystem */ = {
			isa = PBXGroup;
			children = (
			);
			path = DesignSystem;
			sourceTree = "<group>";
		};
/* End PBXGroup section */

/* Begin PBXNativeTarget section */
		6963903934AFE7A5A27593D1 /* Beginner-Runner-AI-CoachTests */ = {
			isa = PBXNativeTarget;
			buildConfigurationList = D7516B1FF070ACA5E2F1433C /* Build configuration list for PBXNativeTarget "Beginner-Runner-AI-CoachTests" */;
			buildPhases = (
				C5A902B2E038640DBFB770A9 /* Sources */,
			);
			buildRules = (
			);
			dependencies = (
				544CFB2EF84110F7571B69FF /* PBXTargetDependency */,
			);
			name = "Beginner-Runner-AI-CoachTests";
			productName = "Beginner-Runner-AI-CoachTests";
			productReference = 78852FD9A09A67968D79DA45 /* Beginner-Runner-AI-CoachTests.xctest */;
			productType = "com.apple.product-type.bundle.unit-test";
		};
		C0C6DDA98B237218769815C4 /* Beginner-Runner-AI-CoachUITests */ = {
			isa = PBXNativeTarget;
			buildConfigurationList = BBF884AA3376B6C869A07EAC /* Build configuration list for PBXNativeTarget "Beginner-Runner-AI-CoachUITests" */;
			buildPhases = (
				6DA3E09412663639BB21FA92 /* Sources */,
			);
			buildRules = (
			);
			dependencies = (
				FDA1B53C68D4320609551E3A /* PBXTargetDependency */,
			);
			name = "Beginner-Runner-AI-CoachUITests";
			productName = "Beginner-Runner-AI-CoachUITests";
			productReference = 46B0DA8D97272D9CFE90B857 /* Beginner-Runner-AI-CoachUITests.xctest */;
			productType = "com.apple.product-type.bundle.ui-testing";
		};
		E56AC1476954DD3FE78FD0A9 /* Beginner-Runner-AI-Coach */ = {
			isa = PBXNativeTarget;
			buildConfigurationList = C41101C4653D53B19DCA72F4 /* Build configuration list for PBXNativeTarget "Beginner-Runner-AI-Coach" */;
			buildPhases = (
				FE1757E989A053D557C56959 /* SwiftLint */,
				C489CABFC50D1CD5DAA953F0 /* Sources */,
				F33D0C6818392D3810E02A1D /* Resources */,
				32E3E413B60184EC1D513585 /* Frameworks */,
			);
			buildRules = (
			);
			dependencies = (
			);
			name = "Beginner-Runner-AI-Coach";
			productName = "Beginner-Runner-AI-Coach";
			productReference = 8EB4117667111DD853C43AC4 /* Beginner-Runner-AI-Coach.app */;
			productType = "com.apple.product-type.application";
		};
/* End PBXNativeTarget section */

/* Begin PBXProject section */
		FC108EA7D8447464703C16E4 /* Project object */ = {
			isa = PBXProject;
			attributes = {
				LastUpgradeCheck = 1200;
				TargetAttributes = {
					C0C6DDA98B237218769815C4 = {
						TestTargetID = E56AC1476954DD3FE78FD0A9;
					};
				};
			};
			buildConfigurationList = 24C05B6AE8D16F67FE134A9A /* Build configuration list for PBXProject "Beginner-Runner-AI-Coach" */;
			compatibilityVersion = "Xcode 11.0";
			developmentRegion = en;
			hasScannedForEncodings = 0;
			knownRegions = (
				Base,
				en,
			);
			mainGroup = 6A6234D9020E6E0B16B8BB5A;
			projectDirPath = "";
			projectRoot = "";
			targets = (
				E56AC1476954DD3FE78FD0A9 /* Beginner-Runner-AI-Coach */,
				6963903934AFE7A5A27593D1 /* Beginner-Runner-AI-CoachTests */,
				C0C6DDA98B237218769815C4 /* Beginner-Runner-AI-CoachUITests */,
			);
		};
/* End PBXProject section */

/* Begin PBXResourcesBuildPhase section */
		F33D0C6818392D3810E02A1D /* Resources */ = {
			isa = PBXResourcesBuildPhase;
			buildActionMask = 2147483647;
			files = (
				9488A305A25FF71F93C28D0C /* Assets.xcassets in Resources */,
			);
			runOnlyForDeploymentPostprocessing = 0;
		};
/* End PBXResourcesBuildPhase section */

/* Begin PBXShellScriptBuildPhase section */
		FE1757E989A053D557C56959 /* SwiftLint */ = {
			isa = PBXShellScriptBuildPhase;
			buildActionMask = 2147483647;
			files = (
			);
			inputFileListPaths = (
			);
			inputPaths = (
			);
			name = SwiftLint;
			outputFileListPaths = (
			);
			outputPaths = (
			);
			runOnlyForDeploymentPostprocessing = 0;
			shellPath = /bin/sh;
			shellScript = "if which swiftlint >/dev/null; then\n  swiftlint\nelse\n  echo \"warning: SwiftLint not installed, download from https://github.com/realm/SwiftLint\"\nfi\n";
		};
/* End PBXShellScriptBuildPhase section */

/* Begin PBXSourcesBuildPhase section */
		6DA3E09412663639BB21FA92 /* Sources */ = {
			isa = PBXSourcesBuildPhase;
			buildActionMask = 2147483647;
			files = (
				692A07929C8ED06F56C9CBDC /* Beginner_Runner_AI_CoachUITests.swift in Sources */,
				AFD84D197326278DA9D10A4D /* Beginner_Runner_AI_CoachUITestsLaunchTests.swift in Sources */,
			);
			runOnlyForDeploymentPostprocessing = 0;
		};
		C489CABFC50D1CD5DAA953F0 /* Sources */ = {
			isa = PBXSourcesBuildPhase;
			buildActionMask = 2147483647;
			files = (
				87C3AB80750EB1547C1936B0 /* Beginner_Runner_AI_CoachApp.swift in Sources */,
				5FD8552E1A06FE99CB25E5BB /* ContentView.swift in Sources */,
				5247D413E24EB0DA39097E42 /* HealthInterfaces.swift in Sources */,
				FD5069CB9F22CB8FBF44885F /* Item.swift in Sources */,
				C607B52F8E1586670A2C6221 /* StepsDatasource.swift in Sources */,
			);
			runOnlyForDeploymentPostprocessing = 0;
		};
		C5A902B2E038640DBFB770A9 /* Sources */ = {
			isa = PBXSourcesBuildPhase;
			buildActionMask = 2147483647;
			files = (
				91F5097F4E8B2EC3CFEC6E99 /* Beginner_Runner_AI_CoachTests.swift in Sources */,
			);
			runOnlyForDeploymentPostprocessing = 0;
		};
/* End PBXSourcesBuildPhase section */

/* Begin PBXTargetDependency section */
		544CFB2EF84110F7571B69FF /* PBXTargetDependency */ = {
			isa = PBXTargetDependency;
			target = E56AC1476954DD3FE78FD0A9 /* Beginner-Runner-AI-Coach */;
			targetProxy = 1A10649BC8AA01758001740C /* PBXContainerItemProxy */;
		};
		FDA1B53C68D4320609551E3A /* PBXTargetDependency */ = {
			isa = PBXTargetDependency;
			target = E56AC1476954DD3FE78FD0A9 /* Beginner-Runner-AI-Coach */;
			targetProxy = 4D116668DBF6A1717EDB876A /* PBXContainerItemProxy */;
		};
/* End PBXTargetDependency section */

/* Begin XCBuildConfiguration section */
		167920BE9A25D091FB489B91 /* Debug */ = {
			isa = XCBuildConfiguration;
			buildSettings = {
				ALWAYS_SEARCH_USER_PATHS = NO;
				CLANG_ANALYZER_NONNULL = YES;
				CLANG_ANALYZER_NUMBER_OBJECT_CONVERSION = YES_AGGRESSIVE;
				CLANG_CXX_LANGUAGE_STANDARD = "gnu++14";
				CLANG_CXX_LIBRARY = "libc++";
				CLANG_ENABLE_MODULES = YES;
				CLANG_ENABLE_OBJC_ARC = YES;
				CLANG_ENABLE_OBJC_WEAK = YES;
				CLANG_WARN_BLOCK_CAPTURE_AUTORELEASING = YES;
				CLANG_WARN_BOOL_CONVERSION = YES;
				CLANG_WARN_COMMA = YES;
				CLANG_WARN_CONSTANT_CONVERSION = YES;
				CLANG_WARN_DEPRECATED_OBJC_IMPLEMENTATIONS = YES;
				CLANG_WARN_DIRECT_OBJC_ISA_USAGE = YES_ERROR;
				CLANG_WARN_DOCUMENTATION_COMMENTS = YES;
				CLANG_WARN_EMPTY_BODY = YES;
				CLANG_WARN_ENUM_CONVERSION = YES;
				CLANG_WARN_INFINITE_RECURSION = YES;
				CLANG_WARN_INT_CONVERSION = YES;
				CLANG_WARN_NON_LITERAL_NULL_CONVERSION = YES;
				CLANG_WARN_OBJC_IMPLICIT_RETAIN_SELF = YES;
				CLANG_WARN_OBJC_LITERAL_CONVERSION = YES;
				CLANG_WARN_OBJC_ROOT_CLASS = YES_ERROR;
				CLANG_WARN_QUOTED_INCLUDE_IN_FRAMEWORK_HEADER = YES;
				CLANG_WARN_RANGE_LOOP_ANALYSIS = YES;
				CLANG_WARN_STRICT_PROTOTYPES = YES;
				CLANG_WARN_SUSPICIOUS_MOVE = YES;
				CLANG_WARN_UNGUARDED_AVAILABILITY = YES_AGGRESSIVE;
				CLANG_WARN_UNREACHABLE_CODE = YES;
				CLANG_WARN__DUPLICATE_METHOD_MATCH = YES;
				COPY_PHASE_STRIP = NO;
				DEBUG_INFORMATION_FORMAT = dwarf;
				ENABLE_STRICT_OBJC_MSGSEND = YES;
				ENABLE_TESTABILITY = YES;
				GCC_C_LANGUAGE_STANDARD = gnu11;
				GCC_DYNAMIC_NO_PIC = NO;
				GCC_NO_COMMON_BLOCKS = YES;
				GCC_OPTIMIZATION_LEVEL = 0;
				GCC_PREPROCESSOR_DEFINITIONS = (
					"$(inherited)",
					"DEBUG=1",
				);
				GCC_WARN_64_TO_32_BIT_CONVERSION = YES;
				GCC_WARN_ABOUT_RETURN_TYPE = YES_ERROR;
				GCC_WARN_UNDECLARED_SELECTOR = YES;
				GCC_WARN_UNINITIALIZED_AUTOS = YES_AGGRESSIVE;
				GCC_WARN_UNUSED_FUNCTION = YES;
				GCC_WARN_UNUSED_VARIABLE = YES;
				MTL_ENABLE_DEBUG_INFO = INCLUDE_SOURCE;
				MTL_FAST_MATH = YES;
				ONLY_ACTIVE_ARCH = YES;
				PRODUCT_NAME = "$(TARGET_NAME)";
				SDKROOT = iphoneos;
				SWIFT_ACTIVE_COMPILATION_CONDITIONS = DEBUG;
				SWIFT_OPTIMIZATION_LEVEL = "-Onone";
				SWIFT_VERSION = 5.0;
			};
			name = Debug;
		};
		237539E8174FA03A8DD01990 /* Debug */ = {
			isa = XCBuildConfiguration;
			buildSettings = {
				BUNDLE_LOADER = "$(TEST_HOST)";
				IPHONEOS_DEPLOYMENT_TARGET = 17.0;
				LD_RUNPATH_SEARCH_PATHS = (
					"$(inherited)",
					"@executable_path/Frameworks",
					"@loader_path/Frameworks",
				);
				PRODUCT_BUNDLE_IDENTIFIER = "com.rhieda.Beginner-Runner-AI-CoachUITests";
				SDKROOT = iphoneos;
				TARGETED_DEVICE_FAMILY = "1,2";
				TEST_TARGET_NAME = "Beginner-Runner-AI-Coach";
			};
			name = Debug;
		};
		2D9FED0EF3B21B552DA94983 /* Debug */ = {
			isa = XCBuildConfiguration;
			buildSettings = {
				BUNDLE_LOADER = "$(TEST_HOST)";
				IPHONEOS_DEPLOYMENT_TARGET = 17.0;
				LD_RUNPATH_SEARCH_PATHS = (
					"$(inherited)",
					"@executable_path/Frameworks",
					"@loader_path/Frameworks",
				);
				PRODUCT_BUNDLE_IDENTIFIER = "com.rhieda.Beginner-Runner-AI-CoachTests";
				SDKROOT = iphoneos;
				TARGETED_DEVICE_FAMILY = "1,2";
				TEST_HOST = "$(BUILT_PRODUCTS_DIR)/Beginner-Runner-AI-Coach.app/Beginner-Runner-AI-Coach";
			};
			name = Debug;
		};
		334C7B900DDBCF63F01FF664 /* Debug */ = {
			isa = XCBuildConfiguration;
			buildSettings = {
				ASSETCATALOG_COMPILER_APPICON_NAME = AppIcon;
				ASSETCATALOG_COMPILER_GLOBAL_ACCENT_COLOR_NAME = AccentColor;
				CODE_SIGN_ENTITLEMENTS = "Beginner-Runner-AI-Coach/App/Beginner-Runner-AI-Coach.entitlements";
				CODE_SIGN_IDENTITY = "iPhone Developer";
				DEVELOPMENT_ASSET_PATHS = "\"Beginner-Runner-AI-Coach/Preview Content\"";
				INFOPLIST_FILE = "Beginner-Runner-AI-Coach/App/Info.plist";
				IPHONEOS_DEPLOYMENT_TARGET = 17.0;
				LD_RUNPATH_SEARCH_PATHS = (
					"$(inherited)",
					"@executable_path/Frameworks",
				);
				PRODUCT_BUNDLE_IDENTIFIER = "com.rhieda.Beginner-Runner-AI-Coach";
				SDKROOT = iphoneos;
				TARGETED_DEVICE_FAMILY = "1,2";
			};
			name = Debug;
		};
		5E554870CECE47E956CEE454 /* Release */ = {
			isa = XCBuildConfiguration;
			buildSettings = {
				ASSETCATALOG_COMPILER_APPICON_NAME = AppIcon;
				ASSETCATALOG_COMPILER_GLOBAL_ACCENT_COLOR_NAME = AccentColor;
				CODE_SIGN_ENTITLEMENTS = "Beginner-Runner-AI-Coach/App/Beginner-Runner-AI-Coach.entitlements";
				CODE_SIGN_IDENTITY = "iPhone Developer";
				DEVELOPMENT_ASSET_PATHS = "\"Beginner-Runner-AI-Coach/Preview Content\"";
				INFOPLIST_FILE = "Beginner-Runner-AI-Coach/App/Info.plist";
				IPHONEOS_DEPLOYMENT_TARGET = 17.0;
				LD_RUNPATH_SEARCH_PATHS = (
					"$(inherited)",
					"@executable_path/Frameworks",
				);
				PRODUCT_BUNDLE_IDENTIFIER = "com.rhieda.Beginner-Runner-AI-Coach";
				SDKROOT = iphoneos;
				TARGETED_DEVICE_FAMILY = "1,2";
			};
			name = Release;
		};
		617543C73D14E3EE64EC79AC /* Release */ = {
			isa = XCBuildConfiguration;
			buildSettings = {
				BUNDLE_LOADER = "$(TEST_HOST)";
				IPHONEOS_DEPLOYMENT_TARGET = 17.0;
				LD_RUNPATH_SEARCH_PATHS = (
					"$(inherited)",
					"@executable_path/Frameworks",
					"@loader_path/Frameworks",
				);
				PRODUCT_BUNDLE_IDENTIFIER = "com.rhieda.Beginner-Runner-AI-CoachUITests";
				SDKROOT = iphoneos;
				TARGETED_DEVICE_FAMILY = "1,2";
				TEST_TARGET_NAME = "Beginner-Runner-AI-Coach";
			};
			name = Release;
		};
		646C393B422487BC27BD35BA /* Release */ = {
			isa = XCBuildConfiguration;
			buildSettings = {
				BUNDLE_LOADER = "$(TEST_HOST)";
				IPHONEOS_DEPLOYMENT_TARGET = 17.0;
				LD_RUNPATH_SEARCH_PATHS = (
					"$(inherited)",
					"@executable_path/Frameworks",
					"@loader_path/Frameworks",
				);
				PRODUCT_BUNDLE_IDENTIFIER = "com.rhieda.Beginner-Runner-AI-CoachTests";
				SDKROOT = iphoneos;
				TARGETED_DEVICE_FAMILY = "1,2";
				TEST_HOST = "$(BUILT_PRODUCTS_DIR)/Beginner-Runner-AI-Coach.app/Beginner-Runner-AI-Coach";
			};
			name = Release;
		};
		F9C6CED9488986D2689F74E5 /* Release */ = {
			isa = XCBuildConfiguration;
			buildSettings = {
				ALWAYS_SEARCH_USER_PATHS = NO;
				CLANG_ANALYZER_NONNULL = YES;
				CLANG_ANALYZER_NUMBER_OBJECT_CONVERSION = YES_AGGRESSIVE;
				CLANG_CXX_LANGUAGE_STANDARD = "gnu++14";
				CLANG_CXX_LIBRARY = "libc++";
				CLANG_ENABLE_MODULES = YES;
				CLANG_ENABLE_OBJC_ARC = YES;
				CLANG_ENABLE_OBJC_WEAK = YES;
				CLANG_WARN_BLOCK_CAPTURE_AUTORELEASING = YES;
				CLANG_WARN_BOOL_CONVERSION = YES;
				CLANG_WARN_COMMA = YES;
				CLANG_WARN_CONSTANT_CONVERSION = YES;
				CLANG_WARN_DEPRECATED_OBJC_IMPLEMENTATIONS = YES;
				CLANG_WARN_DIRECT_OBJC_ISA_USAGE = YES_ERROR;
				CLANG_WARN_DOCUMENTATION_COMMENTS = YES;
				CLANG_WARN_EMPTY_BODY = YES;
				CLANG_WARN_ENUM_CONVERSION = YES;
				CLANG_WARN_INFINITE_RECURSION = YES;
				CLANG_WARN_INT_CONVERSION = YES;
				CLANG_WARN_NON_LITERAL_NULL_CONVERSION = YES;
				CLANG_WARN_OBJC_IMPLICIT_RETAIN_SELF = YES;
				CLANG_WARN_OBJC_LITERAL_CONVERSION = YES;
				CLANG_WARN_OBJC_ROOT_CLASS = YES_ERROR;
				CLANG_WARN_QUOTED_INCLUDE_IN_FRAMEWORK_HEADER = YES;
				CLANG_WARN_RANGE_LOOP_ANALYSIS = YES;
				CLANG_WARN_STRICT_PROTOTYPES = YES;
				CLANG_WARN_SUSPICIOUS_MOVE = YES;
				CLANG_WARN_UNGUARDED_AVAILABILITY = YES_AGGRESSIVE;
				CLANG_WARN_UNREACHABLE_CODE = YES;
				CLANG_WARN__DUPLICATE_METHOD_MATCH = YES;
				COPY_PHASE_STRIP = NO;
				DEBUG_INFORMATION_FORMAT = "dwarf-with-dsym";
				ENABLE_NS_ASSERTIONS = NO;
				ENABLE_STRICT_OBJC_MSGSEND = YES;
				GCC_C_LANGUAGE_STANDARD = gnu11;
				GCC_NO_COMMON_BLOCKS = YES;
				GCC_WARN_64_TO_32_BIT_CONVERSION = YES;
				GCC_WARN_ABOUT_RETURN_TYPE = YES_ERROR;
				GCC_WARN_UNDECLARED_SELECTOR = YES;
				GCC_WARN_UNINITIALIZED_AUTOS = YES_AGGRESSIVE;
				GCC_WARN_UNUSED_FUNCTION = YES;
				GCC_WARN_UNUSED_VARIABLE = YES;
				MTL_ENABLE_DEBUG_INFO = NO;
				MTL_FAST_MATH = YES;
				PRODUCT_NAME = "$(TARGET_NAME)";
				SDKROOT = iphoneos;
				SWIFT_COMPILATION_MODE = wholemodule;
				SWIFT_OPTIMIZATION_LEVEL = "-O";
				SWIFT_VERSION = 5.0;
			};
			name = Release;
		};
/* End XCBuildConfiguration section */

/* Begin XCConfigurationList section */
		24C05B6AE8D16F67FE134A9A /* Build configuration list for PBXProject "Beginner-Runner-AI-Coach" */ = {
			isa = XCConfigurationList;
			buildConfigurations = (
				167920BE9A25D091FB489B91 /* Debug */,
				F9C6CED9488986D2689F74E5 /* Release */,
			);
			defaultConfigurationIsVisible = 0;
			defaultConfigurationName = Debug;
		};
		BBF884AA3376B6C869A07EAC /* Build configuration list for PBXNativeTarget "Beginner-Runner-AI-CoachUITests" */ = {
			isa = XCConfigurationList;
			buildConfigurations = (
				237539E8174FA03A8DD01990 /* Debug */,
				617543C73D14E3EE64EC79AC /* Release */,
			);
			defaultConfigurationIsVisible = 0;
			defaultConfigurationName = Debug;
		};
		C41101C4653D53B19DCA72F4 /* Build configuration list for PBXNativeTarget "Beginner-Runner-AI-Coach" */ = {
			isa = XCConfigurationList;
			buildConfigurations = (
				334C7B900DDBCF63F01FF664 /* Debug */,
				5E554870CECE47E956CEE454 /* Release */,
			);
			defaultConfigurationIsVisible = 0;
			defaultConfigurationName = Debug;
		};
		D7516B1FF070ACA5E2F1433C /* Build configuration list for PBXNativeTarget "Beginner-Runner-AI-CoachTests" */ = {
			isa = XCConfigurationList;
			buildConfigurations = (
				2D9FED0EF3B21B552DA94983 /* Debug */,
				646C393B422487BC27BD35BA /* Release */,
			);
			defaultConfigurationIsVisible = 0;
			defaultConfigurationName = Debug;
		};
/* End XCConfigurationList section */
	};
	rootObject = FC108EA7D8447464703C16E4 /* Project object */;
}
